// !$*UTF8*$!
{
	archiveVersion = 1;
	classes = {
	};
	objectVersion = 56;
	objects = {

/* Begin PBXBuildFile section */
		233753F82934B01C003E5CA7 /* PhoneContacts.swift in Sources */ = {isa = PBXBuildFile; fileRef = 233753F72934B01C003E5CA7 /* PhoneContacts.swift */; };
		233753FA2934B083003E5CA7 /* PhoneContact.swift in Sources */ = {isa = PBXBuildFile; fileRef = 233753F92934B083003E5CA7 /* PhoneContact.swift */; };
		233753FC2934BAD3003E5CA7 /* Week.swift in Sources */ = {isa = PBXBuildFile; fileRef = 233753FB2934BAD3003E5CA7 /* Week.swift */; };
		233753FE2934BB13003E5CA7 /* Identifiers.swift in Sources */ = {isa = PBXBuildFile; fileRef = 233753FD2934BB13003E5CA7 /* Identifiers.swift */; };
		233754002934BB31003E5CA7 /* Defaults.swift in Sources */ = {isa = PBXBuildFile; fileRef = 233753FF2934BB31003E5CA7 /* Defaults.swift */; };
		233754022934BB50003E5CA7 /* UserDefaultsConstants.swift in Sources */ = {isa = PBXBuildFile; fileRef = 233754012934BB50003E5CA7 /* UserDefaultsConstants.swift */; };
		235414142940E71E004BD37B /* MessageTVC.swift in Sources */ = {isa = PBXBuildFile; fileRef = 235414132940E71E004BD37B /* MessageTVC.swift */; };
		2354141829411038004BD37B /* ContactUsVC.swift in Sources */ = {isa = PBXBuildFile; fileRef = 2354141729411038004BD37B /* ContactUsVC.swift */; };
		2354141A29411AC6004BD37B /* DeleteAlertVC.swift in Sources */ = {isa = PBXBuildFile; fileRef = 2354141929411AC6004BD37B /* DeleteAlertVC.swift */; };
		23909E66292B88CF00A13E62 /* AppDelegate.swift in Sources */ = {isa = PBXBuildFile; fileRef = 23909E65292B88CF00A13E62 /* AppDelegate.swift */; };
		23909E68292B88CF00A13E62 /* SceneDelegate.swift in Sources */ = {isa = PBXBuildFile; fileRef = 23909E67292B88CF00A13E62 /* SceneDelegate.swift */; };
		23909E6A292B88CF00A13E62 /* AddContactsVC.swift in Sources */ = {isa = PBXBuildFile; fileRef = 23909E69292B88CF00A13E62 /* AddContactsVC.swift */; };
		23909E6D292B88CF00A13E62 /* Main.storyboard in Resources */ = {isa = PBXBuildFile; fileRef = 23909E6B292B88CF00A13E62 /* Main.storyboard */; };
		23909E6F292B88D000A13E62 /* Assets.xcassets in Resources */ = {isa = PBXBuildFile; fileRef = 23909E6E292B88D000A13E62 /* Assets.xcassets */; };
		23909E72292B88D000A13E62 /* LaunchScreen.storyboard in Resources */ = {isa = PBXBuildFile; fileRef = 23909E70292B88D000A13E62 /* LaunchScreen.storyboard */; };
		23909E81292E542600A13E62 /* HomeVC.swift in Sources */ = {isa = PBXBuildFile; fileRef = 23909E80292E542600A13E62 /* HomeVC.swift */; };
		23909E83292E543500A13E62 /* HomeTVC.swift in Sources */ = {isa = PBXBuildFile; fileRef = 23909E82292E543500A13E62 /* HomeTVC.swift */; };
		23909E85292F4F2900A13E62 /* AlertVC.swift in Sources */ = {isa = PBXBuildFile; fileRef = 23909E84292F4F2900A13E62 /* AlertVC.swift */; };
		23909E87292F4F4200A13E62 /* MessagesVC.swift in Sources */ = {isa = PBXBuildFile; fileRef = 23909E86292F4F4200A13E62 /* MessagesVC.swift */; };
		23909E89292F589600A13E62 /* AlertTVC.swift in Sources */ = {isa = PBXBuildFile; fileRef = 23909E88292F589600A13E62 /* AlertTVC.swift */; };
		23909E8B292F5F3500A13E62 /* SelectContactsVC.swift in Sources */ = {isa = PBXBuildFile; fileRef = 23909E8A292F5F3500A13E62 /* SelectContactsVC.swift */; };
/* End PBXBuildFile section */

/* Begin PBXFileReference section */
		233753F72934B01C003E5CA7 /* PhoneContacts.swift */ = {isa = PBXFileReference; lastKnownFileType = sourcecode.swift; path = PhoneContacts.swift; sourceTree = "<group>"; };
		233753F92934B083003E5CA7 /* PhoneContact.swift */ = {isa = PBXFileReference; lastKnownFileType = sourcecode.swift; path = PhoneContact.swift; sourceTree = "<group>"; };
		233753FB2934BAD3003E5CA7 /* Week.swift */ = {isa = PBXFileReference; lastKnownFileType = sourcecode.swift; path = Week.swift; sourceTree = "<group>"; };
		233753FD2934BB13003E5CA7 /* Identifiers.swift */ = {isa = PBXFileReference; lastKnownFileType = sourcecode.swift; path = Identifiers.swift; sourceTree = "<group>"; };
		233753FF2934BB31003E5CA7 /* Defaults.swift */ = {isa = PBXFileReference; lastKnownFileType = sourcecode.swift; path = Defaults.swift; sourceTree = "<group>"; };
		233754012934BB50003E5CA7 /* UserDefaultsConstants.swift */ = {isa = PBXFileReference; lastKnownFileType = sourcecode.swift; path = UserDefaultsConstants.swift; sourceTree = "<group>"; };
		235414132940E71E004BD37B /* MessageTVC.swift */ = {isa = PBXFileReference; lastKnownFileType = sourcecode.swift; path = MessageTVC.swift; sourceTree = "<group>"; };
		2354141729411038004BD37B /* ContactUsVC.swift */ = {isa = PBXFileReference; lastKnownFileType = sourcecode.swift; path = ContactUsVC.swift; sourceTree = "<group>"; };
		2354141929411AC6004BD37B /* DeleteAlertVC.swift */ = {isa = PBXFileReference; lastKnownFileType = sourcecode.swift; path = DeleteAlertVC.swift; sourceTree = "<group>"; };
		23909E62292B88CF00A13E62 /* Smooches.app */ = {isa = PBXFileReference; explicitFileType = wrapper.application; includeInIndex = 0; path = Smooches.app; sourceTree = BUILT_PRODUCTS_DIR; };
		23909E65292B88CF00A13E62 /* AppDelegate.swift */ = {isa = PBXFileReference; lastKnownFileType = sourcecode.swift; path = AppDelegate.swift; sourceTree = "<group>"; };
		23909E67292B88CF00A13E62 /* SceneDelegate.swift */ = {isa = PBXFileReference; lastKnownFileType = sourcecode.swift; path = SceneDelegate.swift; sourceTree = "<group>"; };
		23909E69292B88CF00A13E62 /* AddContactsVC.swift */ = {isa = PBXFileReference; lastKnownFileType = sourcecode.swift; path = AddContactsVC.swift; sourceTree = "<group>"; };
		23909E6C292B88CF00A13E62 /* Base */ = {isa = PBXFileReference; lastKnownFileType = file.storyboard; name = Base; path = Base.lproj/Main.storyboard; sourceTree = "<group>"; };
		23909E6E292B88D000A13E62 /* Assets.xcassets */ = {isa = PBXFileReference; lastKnownFileType = folder.assetcatalog; path = Assets.xcassets; sourceTree = "<group>"; };
		23909E71292B88D000A13E62 /* Base */ = {isa = PBXFileReference; lastKnownFileType = file.storyboard; name = Base; path = Base.lproj/LaunchScreen.storyboard; sourceTree = "<group>"; };
		23909E73292B88D000A13E62 /* Info.plist */ = {isa = PBXFileReference; lastKnownFileType = text.plist.xml; path = Info.plist; sourceTree = "<group>"; };
		23909E80292E542600A13E62 /* HomeVC.swift */ = {isa = PBXFileReference; lastKnownFileType = sourcecode.swift; path = HomeVC.swift; sourceTree = "<group>"; };
		23909E82292E543500A13E62 /* HomeTVC.swift */ = {isa = PBXFileReference; lastKnownFileType = sourcecode.swift; path = HomeTVC.swift; sourceTree = "<group>"; };
		23909E84292F4F2900A13E62 /* AlertVC.swift */ = {isa = PBXFileReference; lastKnownFileType = sourcecode.swift; path = AlertVC.swift; sourceTree = "<group>"; };
		23909E86292F4F4200A13E62 /* MessagesVC.swift */ = {isa = PBXFileReference; lastKnownFileType = sourcecode.swift; path = MessagesVC.swift; sourceTree = "<group>"; };
		23909E88292F589600A13E62 /* AlertTVC.swift */ = {isa = PBXFileReference; lastKnownFileType = sourcecode.swift; path = AlertTVC.swift; sourceTree = "<group>"; };
		23909E8A292F5F3500A13E62 /* SelectContactsVC.swift */ = {isa = PBXFileReference; lastKnownFileType = sourcecode.swift; path = SelectContactsVC.swift; sourceTree = "<group>"; };
/* End PBXFileReference section */

/* Begin PBXFrameworksBuildPhase section */
		23909E5F292B88CF00A13E62 /* Frameworks */ = {
			isa = PBXFrameworksBuildPhase;
			buildActionMask = 2147483647;
			files = (
			);
			runOnlyForDeploymentPostprocessing = 0;
		};
/* End PBXFrameworksBuildPhase section */

/* Begin PBXGroup section */
		23909E59292B88CF00A13E62 = {
			isa = PBXGroup;
			children = (
				23909E64292B88CF00A13E62 /* Smooches */,
				23909E63292B88CF00A13E62 /* Products */,
			);
			sourceTree = "<group>";
		};
		23909E63292B88CF00A13E62 /* Products */ = {
			isa = PBXGroup;
			children = (
				23909E62292B88CF00A13E62 /* Smooches.app */,
			);
			name = Products;
			sourceTree = "<group>";
		};
		23909E64292B88CF00A13E62 /* Smooches */ = {
			isa = PBXGroup;
			children = (
				23909E79292B8B0000A13E62 /* Classes */,
				23909E7E292B8B3500A13E62 /* Extensions */,
				23909E7D292B8B2900A13E62 /* Storyboards */,
				23909E7C292B8B2200A13E62 /* Views */,
				23909E7B292B8B1600A13E62 /* Controllers */,
				23909E7A292B8B0900A13E62 /* Models */,
				23909E7F292B8B4500A13E62 /* SupoortingFiles */,
				23909E73292B88D000A13E62 /* Info.plist */,
			);
			path = Smooches;
			sourceTree = "<group>";
		};
		23909E79292B8B0000A13E62 /* Classes */ = {
			isa = PBXGroup;
			children = (
				233753F72934B01C003E5CA7 /* PhoneContacts.swift */,
				233753FF2934BB31003E5CA7 /* Defaults.swift */,
				233754012934BB50003E5CA7 /* UserDefaultsConstants.swift */,
			);
			path = Classes;
			sourceTree = "<group>";
		};
		23909E7A292B8B0900A13E62 /* Models */ = {
			isa = PBXGroup;
			children = (
				233753F92934B083003E5CA7 /* PhoneContact.swift */,
				233753FB2934BAD3003E5CA7 /* Week.swift */,
			);
			path = Models;
			sourceTree = "<group>";
		};
		23909E7B292B8B1600A13E62 /* Controllers */ = {
			isa = PBXGroup;
			children = (
				23909E69292B88CF00A13E62 /* AddContactsVC.swift */,
				23909E80292E542600A13E62 /* HomeVC.swift */,
				23909E86292F4F4200A13E62 /* MessagesVC.swift */,
				23909E84292F4F2900A13E62 /* AlertVC.swift */,
				23909E8A292F5F3500A13E62 /* SelectContactsVC.swift */,
				2354141729411038004BD37B /* ContactUsVC.swift */,
				2354141929411AC6004BD37B /* DeleteAlertVC.swift */,
			);
			path = Controllers;
			sourceTree = "<group>";
		};
		23909E7C292B8B2200A13E62 /* Views */ = {
			isa = PBXGroup;
			children = (
				23909E82292E543500A13E62 /* HomeTVC.swift */,
				23909E88292F589600A13E62 /* AlertTVC.swift */,
				235414132940E71E004BD37B /* MessageTVC.swift */,
			);
			path = Views;
			sourceTree = "<group>";
		};
		23909E7D292B8B2900A13E62 /* Storyboards */ = {
			isa = PBXGroup;
			children = (
				23909E6B292B88CF00A13E62 /* Main.storyboard */,
				23909E70292B88D000A13E62 /* LaunchScreen.storyboard */,
				23909E6E292B88D000A13E62 /* Assets.xcassets */,
			);
			path = Storyboards;
			sourceTree = "<group>";
		};
		23909E7E292B8B3500A13E62 /* Extensions */ = {
			isa = PBXGroup;
			children = (
				233753FD2934BB13003E5CA7 /* Identifiers.swift */,
			);
			path = Extensions;
			sourceTree = "<group>";
		};
		23909E7F292B8B4500A13E62 /* SupoortingFiles */ = {
			isa = PBXGroup;
			children = (
				23909E67292B88CF00A13E62 /* SceneDelegate.swift */,
				23909E65292B88CF00A13E62 /* AppDelegate.swift */,
			);
			path = SupoortingFiles;
			sourceTree = "<group>";
		};
/* End PBXGroup section */

/* Begin PBXNativeTarget section */
		23909E61292B88CF00A13E62 /* Smooches */ = {
			isa = PBXNativeTarget;
			buildConfigurationList = 23909E76292B88D000A13E62 /* Build configuration list for PBXNativeTarget "Smooches" */;
			buildPhases = (
				23909E5E292B88CF00A13E62 /* Sources */,
				23909E5F292B88CF00A13E62 /* Frameworks */,
				23909E60292B88CF00A13E62 /* Resources */,
			);
			buildRules = (
			);
			dependencies = (
			);
			name = Smooches;
			productName = Smooches;
			productReference = 23909E62292B88CF00A13E62 /* Smooches.app */;
			productType = "com.apple.product-type.application";
		};
/* End PBXNativeTarget section */

/* Begin PBXProject section */
		23909E5A292B88CF00A13E62 /* Project object */ = {
			isa = PBXProject;
			attributes = {
				BuildIndependentTargetsInParallel = 1;
				LastSwiftUpdateCheck = 1410;
				LastUpgradeCheck = 1410;
				TargetAttributes = {
					23909E61292B88CF00A13E62 = {
						CreatedOnToolsVersion = 14.1;
					};
				};
			};
			buildConfigurationList = 23909E5D292B88CF00A13E62 /* Build configuration list for PBXProject "Smooches" */;
			compatibilityVersion = "Xcode 14.0";
			developmentRegion = en;
			hasScannedForEncodings = 0;
			knownRegions = (
				en,
				Base,
			);
			mainGroup = 23909E59292B88CF00A13E62;
			productRefGroup = 23909E63292B88CF00A13E62 /* Products */;
			projectDirPath = "";
			projectRoot = "";
			targets = (
				23909E61292B88CF00A13E62 /* Smooches */,
			);
		};
/* End PBXProject section */

/* Begin PBXResourcesBuildPhase section */
		23909E60292B88CF00A13E62 /* Resources */ = {
			isa = PBXResourcesBuildPhase;
			buildActionMask = 2147483647;
			files = (
				23909E72292B88D000A13E62 /* LaunchScreen.storyboard in Resources */,
				23909E6F292B88D000A13E62 /* Assets.xcassets in Resources */,
				23909E6D292B88CF00A13E62 /* Main.storyboard in Resources */,
			);
			runOnlyForDeploymentPostprocessing = 0;
		};
/* End PBXResourcesBuildPhase section */

/* Begin PBXSourcesBuildPhase section */
		23909E5E292B88CF00A13E62 /* Sources */ = {
			isa = PBXSourcesBuildPhase;
			buildActionMask = 2147483647;
			files = (
				23909E8B292F5F3500A13E62 /* SelectContactsVC.swift in Sources */,
				233754022934BB50003E5CA7 /* UserDefaultsConstants.swift in Sources */,
				233754002934BB31003E5CA7 /* Defaults.swift in Sources */,
				23909E6A292B88CF00A13E62 /* AddContactsVC.swift in Sources */,
				23909E81292E542600A13E62 /* HomeVC.swift in Sources */,
				23909E66292B88CF00A13E62 /* AppDelegate.swift in Sources */,
				23909E85292F4F2900A13E62 /* AlertVC.swift in Sources */,
				2354141829411038004BD37B /* ContactUsVC.swift in Sources */,
				233753FC2934BAD3003E5CA7 /* Week.swift in Sources */,
				23909E68292B88CF00A13E62 /* SceneDelegate.swift in Sources */,
				23909E83292E543500A13E62 /* HomeTVC.swift in Sources */,
				233753FA2934B083003E5CA7 /* PhoneContact.swift in Sources */,
				2354141A29411AC6004BD37B /* DeleteAlertVC.swift in Sources */,
				233753FE2934BB13003E5CA7 /* Identifiers.swift in Sources */,
				233753F82934B01C003E5CA7 /* PhoneContacts.swift in Sources */,
				235414142940E71E004BD37B /* MessageTVC.swift in Sources */,
				23909E89292F589600A13E62 /* AlertTVC.swift in Sources */,
				23909E87292F4F4200A13E62 /* MessagesVC.swift in Sources */,
			);
			runOnlyForDeploymentPostprocessing = 0;
		};
/* End PBXSourcesBuildPhase section */

/* Begin PBXVariantGroup section */
		23909E6B292B88CF00A13E62 /* Main.storyboard */ = {
			isa = PBXVariantGroup;
			children = (
				23909E6C292B88CF00A13E62 /* Base */,
			);
			name = Main.storyboard;
			sourceTree = "<group>";
		};
		23909E70292B88D000A13E62 /* LaunchScreen.storyboard */ = {
			isa = PBXVariantGroup;
			children = (
				23909E71292B88D000A13E62 /* Base */,
			);
			name = LaunchScreen.storyboard;
			sourceTree = "<group>";
		};
/* End PBXVariantGroup section */

/* Begin XCBuildConfiguration section */
		23909E74292B88D000A13E62 /* Debug */ = {
			isa = XCBuildConfiguration;
			buildSettings = {
				ALWAYS_SEARCH_USER_PATHS = NO;
				CLANG_ANALYZER_NONNULL = YES;
				CLANG_ANALYZER_NUMBER_OBJECT_CONVERSION = YES_AGGRESSIVE;
				CLANG_CXX_LANGUAGE_STANDARD = "gnu++20";
				CLANG_ENABLE_MODULES = YES;
				CLANG_ENABLE_OBJC_ARC = YES;
				CLANG_ENABLE_OBJC_WEAK = YES;
				CLANG_WARN_BLOCK_CAPTURE_AUTORELEASING = YES;
				CLANG_WARN_BOOL_CONVERSION = YES;
				CLANG_WARN_COMMA = YES;
				CLANG_WARN_CONSTANT_CONVERSION = YES;
				CLANG_WARN_DEPRECATED_OBJC_IMPLEMENTATIONS = YES;
				CLANG_WARN_DIRECT_OBJC_ISA_USAGE = YES_ERROR;
				CLANG_WARN_DOCUMENTATION_COMMENTS = YES;
				CLANG_WARN_EMPTY_BODY = YES;
				CLANG_WARN_ENUM_CONVERSION = YES;
				CLANG_WARN_INFINITE_RECURSION = YES;
				CLANG_WARN_INT_CONVERSION = YES;
				CLANG_WARN_NON_LITERAL_NULL_CONVERSION = YES;
				CLANG_WARN_OBJC_IMPLICIT_RETAIN_SELF = YES;
				CLANG_WARN_OBJC_LITERAL_CONVERSION = YES;
				CLANG_WARN_OBJC_ROOT_CLASS = YES_ERROR;
				CLANG_WARN_QUOTED_INCLUDE_IN_FRAMEWORK_HEADER = YES;
				CLANG_WARN_RANGE_LOOP_ANALYSIS = YES;
				CLANG_WARN_STRICT_PROTOTYPES = YES;
				CLANG_WARN_SUSPICIOUS_MOVE = YES;
				CLANG_WARN_UNGUARDED_AVAILABILITY = YES_AGGRESSIVE;
				CLANG_WARN_UNREACHABLE_CODE = YES;
				CLANG_WARN__DUPLICATE_METHOD_MATCH = YES;
				COPY_PHASE_STRIP = NO;
				DEBUG_INFORMATION_FORMAT = dwarf;
				ENABLE_STRICT_OBJC_MSGSEND = YES;
				ENABLE_TESTABILITY = YES;
				GCC_C_LANGUAGE_STANDARD = gnu11;
				GCC_DYNAMIC_NO_PIC = NO;
				GCC_NO_COMMON_BLOCKS = YES;
				GCC_OPTIMIZATION_LEVEL = 0;
				GCC_PREPROCESSOR_DEFINITIONS = (
					"DEBUG=1",
					"$(inherited)",
				);
				GCC_WARN_64_TO_32_BIT_CONVERSION = YES;
				GCC_WARN_ABOUT_RETURN_TYPE = YES_ERROR;
				GCC_WARN_UNDECLARED_SELECTOR = YES;
				GCC_WARN_UNINITIALIZED_AUTOS = YES_AGGRESSIVE;
				GCC_WARN_UNUSED_FUNCTION = YES;
				GCC_WARN_UNUSED_VARIABLE = YES;
				IPHONEOS_DEPLOYMENT_TARGET = 16.1;
				MTL_ENABLE_DEBUG_INFO = INCLUDE_SOURCE;
				MTL_FAST_MATH = YES;
				ONLY_ACTIVE_ARCH = YES;
				SDKROOT = iphoneos;
				SWIFT_ACTIVE_COMPILATION_CONDITIONS = DEBUG;
				SWIFT_OPTIMIZATION_LEVEL = "-Onone";
			};
			name = Debug;
		};
		23909E75292B88D000A13E62 /* Release */ = {
			isa = XCBuildConfiguration;
			buildSettings = {
				ALWAYS_SEARCH_USER_PATHS = NO;
				CLANG_ANALYZER_NONNULL = YES;
				CLANG_ANALYZER_NUMBER_OBJECT_CONVERSION = YES_AGGRESSIVE;
				CLANG_CXX_LANGUAGE_STANDARD = "gnu++20";
				CLANG_ENABLE_MODULES = YES;
				CLANG_ENABLE_OBJC_ARC = YES;
				CLANG_ENABLE_OBJC_WEAK = YES;
				CLANG_WARN_BLOCK_CAPTURE_AUTORELEASING = YES;
				CLANG_WARN_BOOL_CONVERSION = YES;
				CLANG_WARN_COMMA = YES;
				CLANG_WARN_CONSTANT_CONVERSION = YES;
				CLANG_WARN_DEPRECATED_OBJC_IMPLEMENTATIONS = YES;
				CLANG_WARN_DIRECT_OBJC_ISA_USAGE = YES_ERROR;
				CLANG_WARN_DOCUMENTATION_COMMENTS = YES;
				CLANG_WARN_EMPTY_BODY = YES;
				CLANG_WARN_ENUM_CONVERSION = YES;
				CLANG_WARN_INFINITE_RECURSION = YES;
				CLANG_WARN_INT_CONVERSION = YES;
				CLANG_WARN_NON_LITERAL_NULL_CONVERSION = YES;
				CLANG_WARN_OBJC_IMPLICIT_RETAIN_SELF = YES;
				CLANG_WARN_OBJC_LITERAL_CONVERSION = YES;
				CLANG_WARN_OBJC_ROOT_CLASS = YES_ERROR;
				CLANG_WARN_QUOTED_INCLUDE_IN_FRAMEWORK_HEADER = YES;
				CLANG_WARN_RANGE_LOOP_ANALYSIS = YES;
				CLANG_WARN_STRICT_PROTOTYPES = YES;
				CLANG_WARN_SUSPICIOUS_MOVE = YES;
				CLANG_WARN_UNGUARDED_AVAILABILITY = YES_AGGRESSIVE;
				CLANG_WARN_UNREACHABLE_CODE = YES;
				CLANG_WARN__DUPLICATE_METHOD_MATCH = YES;
				COPY_PHASE_STRIP = NO;
				DEBUG_INFORMATION_FORMAT = "dwarf-with-dsym";
				ENABLE_NS_ASSERTIONS = NO;
				ENABLE_STRICT_OBJC_MSGSEND = YES;
				GCC_C_LANGUAGE_STANDARD = gnu11;
				GCC_NO_COMMON_BLOCKS = YES;
				GCC_WARN_64_TO_32_BIT_CONVERSION = YES;
				GCC_WARN_ABOUT_RETURN_TYPE = YES_ERROR;
				GCC_WARN_UNDECLARED_SELECTOR = YES;
				GCC_WARN_UNINITIALIZED_AUTOS = YES_AGGRESSIVE;
				GCC_WARN_UNUSED_FUNCTION = YES;
				GCC_WARN_UNUSED_VARIABLE = YES;
				IPHONEOS_DEPLOYMENT_TARGET = 16.1;
				MTL_ENABLE_DEBUG_INFO = NO;
				MTL_FAST_MATH = YES;
				SDKROOT = iphoneos;
				SWIFT_COMPILATION_MODE = wholemodule;
				SWIFT_OPTIMIZATION_LEVEL = "-O";
				VALIDATE_PRODUCT = YES;
			};
			name = Release;
		};
		23909E77292B88D000A13E62 /* Debug */ = {
			isa = XCBuildConfiguration;
			buildSettings = {
				ASSETCATALOG_COMPILER_APPICON_NAME = AppIcon;
				ASSETCATALOG_COMPILER_GLOBAL_ACCENT_COLOR_NAME = AccentColor;
				CODE_SIGN_STYLE = Automatic;
				CURRENT_PROJECT_VERSION = 1;
				DEVELOPMENT_TEAM = BXVX4C8M3G;
				GENERATE_INFOPLIST_FILE = YES;
				INFOPLIST_FILE = Smooches/Info.plist;
				INFOPLIST_KEY_CFBundleDisplayName = Smooches;
				INFOPLIST_KEY_UIApplicationSupportsIndirectInputEvents = YES;
				INFOPLIST_KEY_UILaunchStoryboardName = LaunchScreen;
				INFOPLIST_KEY_UIMainStoryboardFile = Main;
				INFOPLIST_KEY_UISupportedInterfaceOrientations = UIInterfaceOrientationPortrait;
				INFOPLIST_KEY_UISupportedInterfaceOrientations_iPad = "UIInterfaceOrientationLandscapeLeft UIInterfaceOrientationLandscapeRight UIInterfaceOrientationPortrait UIInterfaceOrientationPortraitUpsideDown";
				IPHONEOS_DEPLOYMENT_TARGET = 13.0;
				LD_RUNPATH_SEARCH_PATHS = (
					"$(inherited)",
					"@executable_path/Frameworks",
				);
				MARKETING_VERSION = 1.0;
				PRODUCT_BUNDLE_IDENTIFIER = marwankhalid.Smooches;
				PRODUCT_NAME = "$(TARGET_NAME)";
				SUPPORTED_PLATFORMS = "iphoneos iphonesimulator";
				SUPPORTS_MACCATALYST = NO;
				SUPPORTS_MAC_DESIGNED_FOR_IPHONE_IPAD = NO;
				SWIFT_EMIT_LOC_STRINGS = YES;
				SWIFT_VERSION = 5.0;
				TARGETED_DEVICE_FAMILY = 1;
			};
			name = Debug;
		};
		23909E78292B88D000A13E62 /* Release */ = {
			isa = XCBuildConfiguration;
			buildSettings = {
				ASSETCATALOG_COMPILER_APPICON_NAME = AppIcon;
				ASSETCATALOG_COMPILER_GLOBAL_ACCENT_COLOR_NAME = AccentColor;
				CODE_SIGN_STYLE = Automatic;
				CURRENT_PROJECT_VERSION = 1;
				DEVELOPMENT_TEAM = BXVX4C8M3G;
				GENERATE_INFOPLIST_FILE = YES;
				INFOPLIST_FILE = Smooches/Info.plist;
				INFOPLIST_KEY_CFBundleDisplayName = Smooches;
				INFOPLIST_KEY_UIApplicationSupportsIndirectInputEvents = YES;
				INFOPLIST_KEY_UILaunchStoryboardName = LaunchScreen;
				INFOPLIST_KEY_UIMainStoryboardFile = Main;
				INFOPLIST_KEY_UISupportedInterfaceOrientations = UIInterfaceOrientationPortrait;
				INFOPLIST_KEY_UISupportedInterfaceOrientations_iPad = "UIInterfaceOrientationLandscapeLeft UIInterfaceOrientationLandscapeRight UIInterfaceOrientationPortrait UIInterfaceOrientationPortraitUpsideDown";
				IPHONEOS_DEPLOYMENT_TARGET = 13.0;
				LD_RUNPATH_SEARCH_PATHS = (
					"$(inherited)",
					"@executable_path/Frameworks",
				);
				MARKETING_VERSION = 1.0;
				PRODUCT_BUNDLE_IDENTIFIER = marwankhalid.Smooches;
				PRODUCT_NAME = "$(TARGET_NAME)";
				SUPPORTED_PLATFORMS = "iphoneos iphonesimulator";
				SUPPORTS_MACCATALYST = NO;
				SUPPORTS_MAC_DESIGNED_FOR_IPHONE_IPAD = NO;
				SWIFT_EMIT_LOC_STRINGS = YES;
				SWIFT_VERSION = 5.0;
				TARGETED_DEVICE_FAMILY = 1;
			};
			name = Release;
		};
/* End XCBuildConfiguration section */

/* Begin XCConfigurationList section */
		23909E5D292B88CF00A13E62 /* Build configuration list for PBXProject "Smooches" */ = {
			isa = XCConfigurationList;
			buildConfigurations = (
				23909E74292B88D000A13E62 /* Debug */,
				23909E75292B88D000A13E62 /* Release */,
			);
			defaultConfigurationIsVisible = 0;
			defaultConfigurationName = Release;
		};
		23909E76292B88D000A13E62 /* Build configuration list for PBXNativeTarget "Smooches" */ = {
			isa = XCConfigurationList;
			buildConfigurations = (
				23909E77292B88D000A13E62 /* Debug */,
				23909E78292B88D000A13E62 /* Release */,
			);
			defaultConfigurationIsVisible = 0;
			defaultConfigurationName = Release;
		};
/* End XCConfigurationList section */
	};
	rootObject = 23909E5A292B88CF00A13E62 /* Project object */;
}
